{
  "nodes": {
    "darwin": {
      "inputs": {
        "nixpkgs": [
          "nixpkgs"
        ]
      },
      "locked": {
        "lastModified": 1617693609,
        "narHash": "sha256-/+6wm08yHK8mhyljzELD4WE9Gh8XUVbHL0R1TQpZtTQ=",
        "owner": "lnl7",
        "repo": "nix-darwin",
        "rev": "a7492a8c76dcc702d0a65cd820a5f9baa8702684",
        "type": "github"
      },
      "original": {
        "owner": "lnl7",
        "repo": "nix-darwin",
        "type": "github"
      }
    },
    "emacs": {
      "inputs": {
        "emacs-src": "emacs-src",
        "emacs-vterm-src": "emacs-vterm-src",
        "nixpkgs": "nixpkgs"
      },
      "locked": {
        "lastModified": 1620578655,
        "narHash": "sha256-C5MeKMSYbWaXEIqzL1rFe7URIaYSAoGqZrlIi8KxGrk=",
        "owner": "cmacrae",
        "repo": "emacs",
        "rev": "d6aaae5cb2859a20fe5c9125b2ceb1c01f37c64d",
        "type": "github"
      },
      "original": {
        "owner": "cmacrae",
        "repo": "emacs",
        "type": "github"
      }
    },
    "emacs-overlay": {
      "locked": {
        "lastModified": 1620529044,
        "narHash": "sha256-ZdeUBMmRnnJiSdFdtyI8snKTXS0GZgFI3a54V1Lq1aU=",
        "owner": "nix-community",
        "repo": "emacs-overlay",
        "rev": "729f35be8bf92c25c38f60d7d7281f0927b61f00",
        "type": "github"
      },
      "original": {
        "owner": "nix-community",
        "repo": "emacs-overlay",
        "type": "github"
      }
    },
    "emacs-src": {
      "flake": false,
      "locked": {
        "lastModified": 1620568163,
        "narHash": "sha256-yEcwvcspjQ03ik8Ysjz0OycuHKMCogEfzNK6dH2js/4=",
        "owner": "emacs-mirror",
        "repo": "emacs",
        "rev": "3d2c892114ebd35cb10928bb87f991316a0ca55c",
        "type": "github"
      },
      "original": {
        "owner": "emacs-mirror",
        "repo": "emacs",
        "type": "github"
      }
    },
    "emacs-vterm-src": {
      "flake": false,
      "locked": {
        "lastModified": 1617983886,
        "narHash": "sha256-jC/q6RAyZhKM3YRu0aefy7uR0/7m1h0FxtYqWrD74DM=",
        "owner": "akermu",
        "repo": "emacs-libvterm",
        "rev": "2b1392cb2b14ec5bd0b7355197d5f353aa5d3983",
        "type": "github"
      },
      "original": {
        "owner": "akermu",
        "repo": "emacs-libvterm",
        "type": "github"
      }
    },
    "home": {
      "inputs": {
        "nixpkgs": [
          "nixpkgs"
        ]
      },
      "locked": {
        "lastModified": 1620555824,
        "narHash": "sha256-1CYRDbHTC38azOZaIGlC4puExhpOSIP5aMOTrclaHuo=",
        "owner": "nix-community",
        "repo": "home-manager",
        "rev": "15a2953c814efd5280f121d802c510d26ca15726",
        "type": "github"
      },
      "original": {
        "owner": "nix-community",
        "repo": "home-manager",
        "type": "github"
      }
    },
    "naersk": {
      "inputs": {
        "nixpkgs": "nixpkgs_3"
      },
      "locked": {
        "lastModified": 1605267184,
        "narHash": "sha256-0FSNlq6nN0/W88fg5kTkgRhAOQ8pI+uSZqBG9w49pMM=",
        "owner": "nmattia",
        "repo": "naersk",
        "rev": "ce273fa593dcc94a629d0d869f07d96d2b337e37",
        "type": "github"
      },
      "original": {
        "owner": "nmattia",
        "repo": "naersk",
        "type": "github"
      }
    },
    "nixpkgs": {
      "locked": {
        "lastModified": 1620574492,
        "narHash": "sha256-Wz8qHB/wehOWtDy0la6MUfOWb66/eJ7uK8Ooik7WlJE=",
        "owner": "nixos",
        "repo": "nixpkgs",
        "rev": "e0e62c8804375ad7f1a1d7f1239256c30fff52e9",
        "type": "github"
      },
      "original": {
        "owner": "nixos",
        "repo": "nixpkgs",
        "type": "github"
      }
    },
    "nixpkgs_2": {
      "locked": {
        "lastModified": 1620583237,
        "narHash": "sha256-Kw6tqd7hz3qYTBTVcfNKjXK4hQAIjssa82UZJgvcqfA=",
        "owner": "nixos",
        "repo": "nixpkgs",
        "rev": "0c2ad9135fad023a7e543faf13c28647ee51c783",
        "type": "github"
      },
      "original": {
        "owner": "nixos",
        "repo": "nixpkgs",
        "type": "github"
      }
    },
    "nixpkgs_3": {
      "locked": {
        "lastModified": 1605988311,
        "narHash": "sha256-PA+kgq46NApOAJlmBNJHs5DwsIrY+jodM0e4g7VtXyY=",
        "owner": "NixOS",
        "repo": "nixpkgs",
        "rev": "2247d824fe07f16325596acc7faa286502faffd1",
        "type": "github"
      },
      "original": {
        "id": "nixpkgs",
        "type": "indirect"
      }
    },
    "nixpkgs_4": {
      "locked": {
        "lastModified": 1616847335,
        "narHash": "sha256-AQrNtJZRl9P78u+otHNXVxcQzu84vuTJLqynupp335g=",
        "owner": "cmacrae",
        "repo": "nixpkgs",
        "rev": "7745d5338ad3c6cef295f40a732c6a739b1fcc7b",
        "type": "github"
      },
      "original": {
        "owner": "cmacrae",
        "ref": "fix_spacebar",
        "repo": "nixpkgs",
        "type": "github"
      }
    },
    "nur": {
      "locked": {
        "lastModified": 1620575385,
        "narHash": "sha256-gXJeg2gCsuSF6tw7swbJ/Eqxw/pyphYXIOwQ/ih9Xa8=",
        "owner": "nix-community",
        "repo": "NUR",
        "rev": "28f1ebcb2a46a167a9e2c49dfc8f3489c2d8fc47",
        "type": "github"
      },
      "original": {
        "owner": "nix-community",
        "repo": "NUR",
        "type": "github"
      }
    },
    "rnix-lsp": {
      "inputs": {
        "naersk": "naersk",
        "nixpkgs": [
          "nixpkgs"
        ],
        "utils": "utils"
      },
      "locked": {
        "lastModified": 1617631723,
        "narHash": "sha256-Qo09WUFFsqoj07ZNXxF3SL3eMaCg9UovNNJb1wa/O8s=",
        "owner": "nix-community",
        "repo": "rnix-lsp",
        "rev": "23df7ab20b71896ac47da8dab6d4bcc6e8f994d5",
        "type": "github"
      },
      "original": {
        "owner": "nix-community",
        "repo": "rnix-lsp",
        "type": "github"
      }
    },
    "root": {
      "inputs": {
        "darwin": "darwin",
        "emacs": "emacs",
        "emacs-overlay": "emacs-overlay",
        "home": "home",
        "nixpkgs": "nixpkgs_2",
        "nur": "nur",
        "rnix-lsp": "rnix-lsp",
        "spacebar": "spacebar"
      }
    },
    "spacebar": {
      "inputs": {
        "nixpkgs": "nixpkgs_4"
      },
      "locked": {
        "lastModified": 1619609923,
        "narHash": "sha256-nDnvmI4GZiBAR7oTWBw9ReQBGXz8W0X9z6DikeYa7Lw=",
        "owner": "cmacrae",
        "repo": "spacebar",
        "rev": "ca4c58c05ff18a32dd5acc38d989d378fe13509b",
        "type": "github"
      },
      "original": {
        "owner": "cmacrae",
        "repo": "spacebar",
        "type": "github"
      }
    },
    "utils": {
      "locked": {
        "lastModified": 1605370193,
        "narHash": "sha256-YyMTf3URDL/otKdKgtoMChu4vfVL3vCMkRqpGifhUn0=",
        "owner": "numtide",
        "repo": "flake-utils",
        "rev": "5021eac20303a61fafe17224c087f5519baed54d",
        "type": "github"
      },
      "original": {
        "owner": "numtide",
        "repo": "flake-utils",
        "type": "github"
      }
    }
  },
  "root": "root",
  "version": 7
}
