{
  "nodes": {
    "ace-window": {
      "flake": false,
      "locked": {
        "lastModified": 1662868721,
        "narHash": "sha256-eGmOL272H5X7BmeXRCfMjB3ucf9GH2xThyozgkW62dA=",
        "owner": "abo-abo",
        "repo": "ace-window",
        "rev": "77115afc1b0b9f633084cf7479c767988106c196",
        "type": "github"
      },
      "original": {
        "owner": "abo-abo",
        "repo": "ace-window",
        "type": "github"
      }
    },
    "acp": {
      "flake": false,
      "locked": {
        "lastModified": 1761319026,
        "narHash": "sha256-EeFYHRURVj80GwO4zEBLM1B5iX7+KGcVWo+N5jguTRM=",
        "owner": "xenodium",
        "repo": "acp.el",
        "rev": "f9dd828c7bfb209523e907cc947668924ff9f1bf",
        "type": "github"
      },
      "original": {
        "owner": "xenodium",
        "repo": "acp.el",
        "type": "github"
      }
    },
    "agent-shell": {
      "flake": false,
      "locked": {
        "lastModified": 1762423038,
        "narHash": "sha256-JHTxK7YJEBWfoS+kZlraTsP3hFTZPHjnv8Z87I/oO+Y=",
        "owner": "cmacrae",
        "repo": "agent-shell",
        "rev": "a1276840394f53ccae925a35bf9bfa450a23e07d",
        "type": "github"
      },
      "original": {
        "owner": "cmacrae",
        "ref": "feat/extensions_api",
        "repo": "agent-shell",
        "type": "github"
      }
    },
    "agent-shell-follow-edits": {
      "flake": false,
      "locked": {
        "lastModified": 1762423349,
        "narHash": "sha256-BM0Pkj5iIsU7bMTjxiDUU4dVnEOTKcX0XQH2orhJpBE=",
        "owner": "cmacrae",
        "repo": "agent-shell-follow-edits",
        "rev": "c10033916221562b6345e26b0a304e8ead7f5cd8",
        "type": "github"
      },
      "original": {
        "owner": "cmacrae",
        "ref": "main",
        "repo": "agent-shell-follow-edits",
        "type": "github"
      }
    },
    "agent-shell-sidebar": {
      "flake": false,
      "locked": {
        "lastModified": 1762354342,
        "narHash": "sha256-Yp+iDtOdDTtcsLn/VxRx6Mh4VOYGAZUXL7XcLHFkACk=",
        "owner": "cmacrae",
        "repo": "agent-shell-sidebar",
        "rev": "10fee0b1463cdf210b0908c23e940a44c8d4a8e2",
        "type": "github"
      },
      "original": {
        "owner": "cmacrae",
        "ref": "main",
        "repo": "agent-shell-sidebar",
        "type": "github"
      }
    },
    "all-the-icons": {
      "flake": false,
      "locked": {
        "lastModified": 1748338070,
        "narHash": "sha256-3OhM+dEzAYDlvJL4bbvQMxherEwyC3wKC7Tjb168J6Q=",
        "owner": "domtronn",
        "repo": "all-the-icons.el",
        "rev": "4778632b29c8c8d2b7cd9ce69535d0be01d846f9",
        "type": "github"
      },
      "original": {
        "owner": "domtronn",
        "repo": "all-the-icons.el",
        "type": "github"
      }
    },
    "all-the-icons-dired": {
      "flake": false,
      "locked": {
        "lastModified": 1701955440,
        "narHash": "sha256-27xvh7qrK4CSPC4Q2cCyL1ztVQvU1BpdVtczSKzLk4c=",
        "owner": "wyuenho",
        "repo": "all-the-icons-dired",
        "rev": "e157f0668f22ed586aebe0a2c0186ab07702986c",
        "type": "github"
      },
      "original": {
        "owner": "wyuenho",
        "repo": "all-the-icons-dired",
        "type": "github"
      }
    },
    "annalist": {
      "flake": false,
      "locked": {
        "lastModified": 1714564903,
        "narHash": "sha256-SKHL7oFP0dVbddvjxwXqwh5wi/eApItXonj0HO3kKLY=",
        "owner": "noctuid",
        "repo": "annalist.el",
        "rev": "e1ef5dad75fa502d761f70d9ddf1aeb1c423f41d",
        "type": "github"
      },
      "original": {
        "owner": "noctuid",
        "repo": "annalist.el",
        "type": "github"
      }
    },
    "avy": {
      "flake": false,
      "locked": {
        "lastModified": 1730469433,
        "narHash": "sha256-p4IY1gksiC6YonDvaccISEbp6glz2AJoLgHzsc5fbvQ=",
        "owner": "abo-abo",
        "repo": "avy",
        "rev": "933d1f36cca0f71e4acb5fac707e9ae26c536264",
        "type": "github"
      },
      "original": {
        "owner": "abo-abo",
        "repo": "avy",
        "type": "github"
      }
    },
    "cape": {
      "flake": false,
      "locked": {
        "lastModified": 1761907994,
        "narHash": "sha256-fMUnGfo8yh1xY0E3LniH0sg2yQgbg2MHRfAmdt3dcDE=",
        "owner": "minad",
        "repo": "cape",
        "rev": "0a82f1e3cc8e5c852b43d26e61a73704d4341f9c",
        "type": "github"
      },
      "original": {
        "owner": "minad",
        "repo": "cape",
        "type": "github"
      }
    },
    "cfrs": {
      "flake": false,
      "locked": {
        "lastModified": 1753798930,
        "narHash": "sha256-RHy6LWVo+fSNuBhRRHq41/B0I5PGuVivyml+YTZkzq4=",
        "owner": "Alexander-Miller",
        "repo": "cfrs",
        "rev": "981bddb3fb9fd9c58aed182e352975bd10ad74c8",
        "type": "github"
      },
      "original": {
        "owner": "Alexander-Miller",
        "repo": "cfrs",
        "type": "github"
      }
    },
    "closql": {
      "flake": false,
      "locked": {
        "lastModified": 1762026029,
        "narHash": "sha256-83+PHB90qTbCXPWPkc+EST6Gj+aTFIpA+ue0V6enHYQ=",
        "owner": "magit",
        "repo": "closql",
        "rev": "4a60723ae4bfe809a9affcf3306cb40e0ca1ca6c",
        "type": "github"
      },
      "original": {
        "owner": "magit",
        "repo": "closql",
        "type": "github"
      }
    },
    "compat": {
      "flake": false,
      "locked": {
        "lastModified": 1762266421,
        "narHash": "sha256-xa/nV34mPTGvJGZaQU+8DPs3FaQl8FPsqlSLeg0ts7E=",
        "owner": "emacs-compat",
        "repo": "compat",
        "rev": "ad6a2b82f7bc2ea698b9684501963dfa71ffdc27",
        "type": "github"
      },
      "original": {
        "owner": "emacs-compat",
        "repo": "compat",
        "type": "github"
      }
    },
    "cond-let": {
      "flake": false,
      "locked": {
        "lastModified": 1762026149,
        "narHash": "sha256-3MMYZcE/5+AVFOJxR91KsuxWlkpL/zE5IZK3z55tsEk=",
        "owner": "tarsius",
        "repo": "cond-let",
        "rev": "288b7d36563223ebaf64cb220a3b270bdffb63f1",
        "type": "github"
      },
      "original": {
        "owner": "tarsius",
        "repo": "cond-let",
        "type": "github"
      }
    },
    "consult": {
      "flake": false,
      "locked": {
        "lastModified": 1762183982,
        "narHash": "sha256-H0hcAJJFLELxJ+3iNit493YVWCsaDyJseyYFKjsSBtc=",
        "owner": "minad",
        "repo": "consult",
        "rev": "a2aaf3a9ff01a1b75b08e61b5ab890eb119b5dbd",
        "type": "github"
      },
      "original": {
        "owner": "minad",
        "repo": "consult",
        "type": "github"
      }
    },
    "corfu": {
      "flake": false,
      "locked": {
        "lastModified": 1760824604,
        "narHash": "sha256-cjETOLZlrBl2yBwhSTRisWLCG7WRHBDYaAP8NLUF6rQ=",
        "owner": "minad",
        "repo": "corfu",
        "rev": "76ee8f4e57d4cfb0deb3988cde199e6028cfbe7e",
        "type": "github"
      },
      "original": {
        "owner": "minad",
        "repo": "corfu",
        "type": "github"
      }
    },
    "dash": {
      "flake": false,
      "locked": {
        "lastModified": 1760611661,
        "narHash": "sha256-DjUHlCKt1mX72ahkxZxHywyw5pcS1JSFB2Rr+gnIGlQ=",
        "owner": "magnars",
        "repo": "dash.el",
        "rev": "fb443e7a6e660ba849cafcd01021d9aac3ac6764",
        "type": "github"
      },
      "original": {
        "owner": "magnars",
        "repo": "dash.el",
        "type": "github"
      }
    },
    "devdocs": {
      "flake": false,
      "locked": {
        "lastModified": 1761137747,
        "narHash": "sha256-H4bdW7TlJ6qUIkyl3B6xiLhxpNCHIHM8cPsrWSBbw+A=",
        "owner": "astoff",
        "repo": "devdocs.el",
        "rev": "25c746024ddf73570195bf42b841f761a2fee10c",
        "type": "github"
      },
      "original": {
        "owner": "astoff",
        "repo": "devdocs.el",
        "type": "github"
      }
    },
    "doom-themes": {
      "flake": false,
      "locked": {
        "lastModified": 1758746528,
        "narHash": "sha256-zTwy82fIzyj7w/+/zavwm4tko2ZHodMsyHlz3ohhIkY=",
        "owner": "doomemacs",
        "repo": "themes",
        "rev": "376cf4bdd7d296a3da94aa9a6c68761e7c38a252",
        "type": "github"
      },
      "original": {
        "owner": "doomemacs",
        "repo": "themes",
        "type": "github"
      }
    },
    "emacsql": {
      "flake": false,
      "locked": {
        "lastModified": 1762027661,
        "narHash": "sha256-OU5MVNtuaCKDromLuUGS7MfhQq8Hj8oW+FVJarau7e0=",
        "owner": "magit",
        "repo": "emacsql",
        "rev": "138fae5c3f55c81a4eded42eabe4e33483de567e",
        "type": "github"
      },
      "original": {
        "owner": "magit",
        "repo": "emacsql",
        "type": "github"
      }
    },
    "embark": {
      "flake": false,
      "locked": {
        "lastModified": 1756129933,
        "narHash": "sha256-bIueN2Z72uAtPdDTHtg3H+ZPX3to3fxLEsTiO25hKOo=",
        "owner": "oantolin",
        "repo": "embark",
        "rev": "1371a1e33e3a3d96557beb28dccf1fa762f6ae22",
        "type": "github"
      },
      "original": {
        "owner": "oantolin",
        "repo": "embark",
        "type": "github"
      }
    },
    "embark-consult": {
      "flake": false,
      "locked": {
        "lastModified": 1756129933,
        "narHash": "sha256-bIueN2Z72uAtPdDTHtg3H+ZPX3to3fxLEsTiO25hKOo=",
        "owner": "oantolin",
        "repo": "embark",
        "rev": "1371a1e33e3a3d96557beb28dccf1fa762f6ae22",
        "type": "github"
      },
      "original": {
        "owner": "oantolin",
        "repo": "embark",
        "type": "github"
      }
    },
    "envrc": {
      "flake": false,
      "locked": {
        "lastModified": 1758100532,
        "narHash": "sha256-Y0GHWhrUL8HrTaNvncDU9ZeB68o8Awb/8inP0M3js0g=",
        "owner": "purcell",
        "repo": "envrc",
        "rev": "de1ae6e538764f74659f358b04af0d84fa0fef42",
        "type": "github"
      },
      "original": {
        "owner": "purcell",
        "repo": "envrc",
        "type": "github"
      }
    },
    "evil": {
      "flake": false,
      "locked": {
        "lastModified": 1759164620,
        "narHash": "sha256-vFVEoA8hoi10YVDivTBwNH24NVpV4hAMhj1AB6He6jI=",
        "owner": "emacs-evil",
        "repo": "evil",
        "rev": "b06f644bdb5b06c6ac46c11b0259f15ac9ffd5da",
        "type": "github"
      },
      "original": {
        "owner": "emacs-evil",
        "repo": "evil",
        "type": "github"
      }
    },
    "evil-colemak-basics": {
      "flake": false,
      "locked": {
        "lastModified": 1728058392,
        "narHash": "sha256-Q2KuTLPIOMKTazQBIdj/HfXpxFcQ223Ib3jHw9IQLfA=",
        "owner": "wbolster",
        "repo": "emacs-evil-colemak-basics",
        "rev": "9465c8da35fe7dd0f66184e671e357ec91faa3fe",
        "type": "github"
      },
      "original": {
        "owner": "wbolster",
        "repo": "emacs-evil-colemak-basics",
        "type": "github"
      }
    },
    "evil-collection": {
      "flake": false,
      "locked": {
        "lastModified": 1761350862,
        "narHash": "sha256-iVUghasJq6JdrSnSozVaVCGII+PjuasT/fBH2hyEPBs=",
        "owner": "emacs-evil",
        "repo": "evil-collection",
        "rev": "bb5eb2ae1e77f87979571d4ad3357f38e932dfb5",
        "type": "github"
      },
      "original": {
        "owner": "emacs-evil",
        "repo": "evil-collection",
        "type": "github"
      }
    },
    "evil-commentary": {
      "flake": false,
      "locked": {
        "lastModified": 1686391588,
        "narHash": "sha256-LEkHIm0dcMvSsGfE3hLA6C3YFCdBK8JrIFnpHic4coU=",
        "owner": "linktohack",
        "repo": "evil-commentary",
        "rev": "c5945f28ce47644c828aac1f5f6ec335478d17fb",
        "type": "github"
      },
      "original": {
        "owner": "linktohack",
        "repo": "evil-commentary",
        "type": "github"
      }
    },
    "evil-easymotion": {
      "flake": false,
      "locked": {
        "lastModified": 1587692120,
        "narHash": "sha256-kLFDZibdwro6v8Tinov6KUtitx8Qo1EZq447aldSW3c=",
        "owner": "PythonNut",
        "repo": "evil-easymotion",
        "rev": "f96c2ed38ddc07908db7c3c11bcd6285a3e8c2e9",
        "type": "github"
      },
      "original": {
        "owner": "PythonNut",
        "repo": "evil-easymotion",
        "type": "github"
      }
    },
    "evil-goggles": {
      "flake": false,
      "locked": {
        "lastModified": 1697873907,
        "narHash": "sha256-NYkf/7yomMe8pMuyJ6++zvQFZ3i/W0AefZCNWMU6nK0=",
        "owner": "edkolev",
        "repo": "evil-goggles",
        "rev": "34ca276a85f615d2b45e714c9f8b5875bcb676f3",
        "type": "github"
      },
      "original": {
        "owner": "edkolev",
        "repo": "evil-goggles",
        "type": "github"
      }
    },
    "evil-lion": {
      "flake": false,
      "locked": {
        "lastModified": 1732110698,
        "narHash": "sha256-Q20IZ7OrecXOuzpBS5AMVX6/VC8knTozzMMA9lsuq7o=",
        "owner": "edkolev",
        "repo": "evil-lion",
        "rev": "5a0bca151466960e090d1803c4c5ded88875f90a",
        "type": "github"
      },
      "original": {
        "owner": "edkolev",
        "repo": "evil-lion",
        "type": "github"
      }
    },
    "evil-multiedit": {
      "flake": false,
      "locked": {
        "lastModified": 1637513404,
        "narHash": "sha256-2L1cegKab6x12U+ufRqTHh1MDpBOpjNn/AJ+VLTmzCM=",
        "owner": "hlissner",
        "repo": "evil-multiedit",
        "rev": "23b53bc8743fb82a8854ba907b1d277374c93a79",
        "type": "github"
      },
      "original": {
        "owner": "hlissner",
        "repo": "evil-multiedit",
        "type": "github"
      }
    },
    "evil-snipe": {
      "flake": false,
      "locked": {
        "lastModified": 1746421689,
        "narHash": "sha256-LQkNFp0cfIQx1k2zPkPFo3DMcj8bZTfRx/It3/g55mU=",
        "owner": "hlissner",
        "repo": "evil-snipe",
        "rev": "16317d7e54313490a0fe8642ed9a1a72498e7ad2",
        "type": "github"
      },
      "original": {
        "owner": "hlissner",
        "repo": "evil-snipe",
        "type": "github"
      }
    },
    "evil-surround": {
      "flake": false,
      "locked": {
        "lastModified": 1711356742,
        "narHash": "sha256-BS/zSsvMBBzujn5XGAYR22Nv5BZp1EsUBE452Ozm/XE=",
        "owner": "emacs-evil",
        "repo": "evil-surround",
        "rev": "da05c60b0621cf33161bb4335153f75ff5c29d91",
        "type": "github"
      },
      "original": {
        "owner": "emacs-evil",
        "repo": "evil-surround",
        "type": "github"
      }
    },
    "exec-path-from-shell": {
      "flake": false,
      "locked": {
        "lastModified": 1758550382,
        "narHash": "sha256-gUkFIDdibG4OCKBGcJp09rmuXOtj2YlwbWa6QGv7TcY=",
        "owner": "purcell",
        "repo": "exec-path-from-shell",
        "rev": "59631fc475678ca299cc9503c1e48e87404b0b80",
        "type": "github"
      },
      "original": {
        "owner": "purcell",
        "repo": "exec-path-from-shell",
        "type": "github"
      }
    },
    "expand-region": {
      "flake": false,
      "locked": {
        "lastModified": 1734460834,
        "narHash": "sha256-wb3YTdGzSDPCrlMBvkAuSTDrnyadwFq67uk6fnTb1LQ=",
        "owner": "magnars",
        "repo": "expand-region.el",
        "rev": "351279272330cae6cecea941b0033a8dd8bcc4e8",
        "type": "github"
      },
      "original": {
        "owner": "magnars",
        "repo": "expand-region.el",
        "type": "github"
      }
    },
    "flycheck": {
      "flake": false,
      "locked": {
        "lastModified": 1762353195,
        "narHash": "sha256-lAjrWvN840SHMYEUnlr6f4Yrb1+Ap301bnZC+mwPOfY=",
        "owner": "flycheck",
        "repo": "flycheck",
        "rev": "b13548bb396cf4ed13b41fbc195c918266fb41f3",
        "type": "github"
      },
      "original": {
        "owner": "flycheck",
        "repo": "flycheck",
        "type": "github"
      }
    },
    "forge": {
      "flake": false,
      "locked": {
        "lastModified": 1762032496,
        "narHash": "sha256-ll5NQ1bVTvjr5hfBDG8w09xpqkomsGXQNuMGxMd0lBU=",
        "owner": "magit",
        "repo": "forge",
        "rev": "71910a26e360bfe88eb81b47f377f7694161fe9b",
        "type": "github"
      },
      "original": {
        "owner": "magit",
        "repo": "forge",
        "type": "github"
      }
    },
    "ghub": {
      "flake": false,
      "locked": {
        "lastModified": 1762032419,
        "narHash": "sha256-9UbVSb9vFGS2VLCJCfmWCwaKxtd7ED6WGkJBoS+UM5o=",
        "owner": "magit",
        "repo": "ghub",
        "rev": "447cb51fa7d19e1fb3844acdd2c540be04299ffb",
        "type": "github"
      },
      "original": {
        "owner": "magit",
        "repo": "ghub",
        "type": "github"
      }
    },
    "git-link": {
      "flake": false,
      "locked": {
        "lastModified": 1761250118,
        "narHash": "sha256-j05cYTvtjZCO6l0BZ0OAUuCNInTolLzEX9UikLApBLM=",
        "owner": "sshaw",
        "repo": "git-link",
        "rev": "67b02cf0df4e789771f2344b4dd77c85334a0f9f",
        "type": "github"
      },
      "original": {
        "owner": "sshaw",
        "repo": "git-link",
        "type": "github"
      }
    },
    "golden-ratio": {
      "flake": false,
      "locked": {
        "lastModified": 1694543157,
        "narHash": "sha256-kc5KYeh9WanFpWf4JHDxfXgSIiKMw8ofZaBLA4cqwyg=",
        "owner": "roman",
        "repo": "golden-ratio.el",
        "rev": "375c9f287dfad68829582c1e0a67d0c18119dab9",
        "type": "github"
      },
      "original": {
        "owner": "roman",
        "repo": "golden-ratio.el",
        "type": "github"
      }
    },
    "groovy-mode": {
      "flake": false,
      "locked": {
        "lastModified": 1679117628,
        "narHash": "sha256-Da1X8DzSz10Rr1NUpe1ZK5N/GLmTCf2P6/IOtiCZIAU=",
        "owner": "Groovy-Emacs-Modes",
        "repo": "groovy-emacs-modes",
        "rev": "7b8520b2e2d3ab1d62b35c426e17ac25ed0120bb",
        "type": "github"
      },
      "original": {
        "owner": "Groovy-Emacs-Modes",
        "repo": "groovy-emacs-modes",
        "type": "github"
      }
    },
    "hcl-mode": {
      "flake": false,
      "locked": {
        "lastModified": 1728982426,
        "narHash": "sha256-1j23lOoGM7pML2M0LXGKIVKjCmAtf4/J43l8JpPEfXI=",
        "owner": "hcl-emacs",
        "repo": "hcl-mode",
        "rev": "1da895ed75d28d9f87cbf9b74f075d90ba31c0ed",
        "type": "github"
      },
      "original": {
        "owner": "hcl-emacs",
        "repo": "hcl-mode",
        "type": "github"
      }
    },
    "hl-todo": {
      "flake": false,
      "locked": {
        "lastModified": 1762028342,
        "narHash": "sha256-QyqLza6FrTIMRAK+uPNDDiKtAuU4FTK/yddKKgxVpPo=",
        "owner": "tarsius",
        "repo": "hl-todo",
        "rev": "94893087e0aca6642a3ebf11f46b3d5f47c1eb22",
        "type": "github"
      },
      "original": {
        "owner": "tarsius",
        "repo": "hl-todo",
        "type": "github"
      }
    },
    "ht": {
      "flake": false,
      "locked": {
        "lastModified": 1688363925,
        "narHash": "sha256-suE9ncN4rTA/9GcfAK6B+m9vnE8pYpfGavCFrXpA0+8=",
        "owner": "Wilfred",
        "repo": "ht.el",
        "rev": "1c49aad1c820c86f7ee35bf9fff8429502f60fef",
        "type": "github"
      },
      "original": {
        "owner": "Wilfred",
        "repo": "ht.el",
        "type": "github"
      }
    },
    "hydra": {
      "flake": false,
      "locked": {
        "lastModified": 1742129692,
        "narHash": "sha256-OtGbTkC3j4jFlcbopvHhRoUJlDjnIsO4eeDYgngNntY=",
        "owner": "abo-abo",
        "repo": "hydra",
        "rev": "59a2a45a35027948476d1d7751b0f0215b1e61aa",
        "type": "github"
      },
      "original": {
        "owner": "abo-abo",
        "repo": "hydra",
        "type": "github"
      }
    },
    "iedit": {
      "flake": false,
      "locked": {
        "lastModified": 1760674225,
        "narHash": "sha256-OWOM2501Lzsdh6v6CSyidTPU23/4OwlkPvC3NxvuAgs=",
        "owner": "victorhge",
        "repo": "iedit",
        "rev": "14161daa295332a49dda92b97c00d62efd38acfe",
        "type": "github"
      },
      "original": {
        "owner": "victorhge",
        "repo": "iedit",
        "type": "github"
      }
    },
    "inheritenv": {
      "flake": false,
      "locked": {
        "lastModified": 1732024534,
        "narHash": "sha256-qzM7uepVOTQyxJmngiePHVXFdeOw59wGvwiKl3xEDT4=",
        "owner": "purcell",
        "repo": "inheritenv",
        "rev": "b9e67cc20c069539698a9ac54d0e6cc11e616c6f",
        "type": "github"
      },
      "original": {
        "owner": "purcell",
        "repo": "inheritenv",
        "type": "github"
      }
    },
    "jenkinsfile-mode": {
      "flake": false,
      "locked": {
        "lastModified": 1685045178,
        "narHash": "sha256-bUWt+FTNECzYh0siqdw8TsYktRvqYpE30a2YiqGC8MI=",
        "owner": "john2x",
        "repo": "jenkinsfile-mode",
        "rev": "568865ee419e0592de0dd0717d6769a66d9df111",
        "type": "github"
      },
      "original": {
        "owner": "john2x",
        "repo": "jenkinsfile-mode",
        "type": "github"
      }
    },
    "just-mode": {
      "flake": false,
      "locked": {
        "lastModified": 1756405472,
        "narHash": "sha256-Fousbpti56DSxZ0eOB+DmzQOHyUj9+arG/LlES74Vy4=",
        "owner": "leon-barrett",
        "repo": "just-mode.el",
        "rev": "310f437296173e4659c80490fcdb7ebafbac1665",
        "type": "github"
      },
      "original": {
        "owner": "leon-barrett",
        "repo": "just-mode.el",
        "type": "github"
      }
    },
    "llama": {
      "flake": false,
      "locked": {
        "lastModified": 1762027340,
        "narHash": "sha256-BUGgcIlaK8z4Z65Kq2BCN1Ym2eYaaX7xlXjxqtXgK2M=",
        "owner": "tarsius",
        "repo": "llama",
        "rev": "e4803de8ab85991b6a944430bb4f543ea338636d",
        "type": "github"
      },
      "original": {
        "owner": "tarsius",
        "repo": "llama",
        "type": "github"
      }
    },
    "lv": {
      "flake": false,
      "locked": {
        "lastModified": 1742129692,
        "narHash": "sha256-OtGbTkC3j4jFlcbopvHhRoUJlDjnIsO4eeDYgngNntY=",
        "owner": "abo-abo",
        "repo": "hydra",
        "rev": "59a2a45a35027948476d1d7751b0f0215b1e61aa",
        "type": "github"
      },
      "original": {
        "owner": "abo-abo",
        "repo": "hydra",
        "type": "github"
      }
    },
    "magit": {
      "flake": false,
      "locked": {
        "lastModified": 1762169409,
        "narHash": "sha256-wih1xJPlXSqnWApn2xBdUdwTn/OgrFabAOkbcOyHKjA=",
        "owner": "magit",
        "repo": "magit",
        "rev": "84c5c8c8c6108f6a5dbae1f145518cbaa9ca7480",
        "type": "github"
      },
      "original": {
        "owner": "magit",
        "repo": "magit",
        "type": "github"
      }
    },
    "magit-section": {
      "flake": false,
      "locked": {
        "lastModified": 1762169409,
        "narHash": "sha256-wih1xJPlXSqnWApn2xBdUdwTn/OgrFabAOkbcOyHKjA=",
        "owner": "magit",
        "repo": "magit",
        "rev": "84c5c8c8c6108f6a5dbae1f145518cbaa9ca7480",
        "type": "github"
      },
      "original": {
        "owner": "magit",
        "repo": "magit",
        "type": "github"
      }
    },
    "marginalia": {
      "flake": false,
      "locked": {
        "lastModified": 1760347948,
        "narHash": "sha256-AiLJas8QiFy+SbYJRqIMwrI0tj5dB743GCvWPsyEXlQ=",
        "owner": "minad",
        "repo": "marginalia",
        "rev": "8a07e869577e0b8582db2528b08ec295d0405bb7",
        "type": "github"
      },
      "original": {
        "owner": "minad",
        "repo": "marginalia",
        "type": "github"
      }
    },
    "markdown-mode": {
      "flake": false,
      "locked": {
        "lastModified": 1761624767,
        "narHash": "sha256-hClOoFZIa4wVmM/SDNh//AJYppu7+b6cIxHxJJ/Yh3Q=",
        "owner": "jrblevin",
        "repo": "markdown-mode",
        "rev": "b524618c3ed28906a7522482727f121428ce7e2e",
        "type": "github"
      },
      "original": {
        "owner": "jrblevin",
        "repo": "markdown-mode",
        "type": "github"
      }
    },
    "mcp": {
      "flake": false,
      "locked": {
        "lastModified": 1761737565,
        "narHash": "sha256-3WkWkKcxDkfcPj8OjLGXAxj81Z2FCtkJ5Zrob/uQYRY=",
        "owner": "lizqwerscott",
        "repo": "mcp.el",
        "rev": "963b4af6ce743fbb6224f61bb61f05de1c37f511",
        "type": "github"
      },
      "original": {
        "owner": "lizqwerscott",
        "repo": "mcp.el",
        "type": "github"
      }
    },
    "mood-line": {
      "flake": false,
      "locked": {
        "lastModified": 1702214727,
        "narHash": "sha256-Y9n0p3jO5Ol/uUigrRNfrfxD5aeeb98NjNSDtroRffc=",
        "owner": "jessieh",
        "repo": "mood-line",
        "rev": "a15d166249f04b047a6136856e5be109357762d3",
        "type": "gitlab"
      },
      "original": {
        "owner": "jessieh",
        "repo": "mood-line",
        "type": "gitlab"
      }
    },
    "multi-vterm": {
      "flake": false,
      "locked": {
        "lastModified": 1667196630,
        "narHash": "sha256-J2Isim4v4W06c+e28OrVkMprvk0XLfRSIkzo2UzVfgY=",
        "owner": "suonlight",
        "repo": "multi-vterm",
        "rev": "36746d85870dac5aaee6b9af4aa1c3c0ef21a905",
        "type": "github"
      },
      "original": {
        "owner": "suonlight",
        "repo": "multi-vterm",
        "type": "github"
      }
    },
    "nix-mode": {
      "flake": false,
      "locked": {
        "lastModified": 1682109415,
        "narHash": "sha256-W/bxCAn4cvzKGbhILxtTiWJ5Wln2w6g4TPgk+ziCXsQ=",
        "owner": "NixOS",
        "repo": "nix-mode",
        "rev": "719feb7868fb567ecfe5578f6119892c771ac5e5",
        "type": "github"
      },
      "original": {
        "owner": "NixOS",
        "repo": "nix-mode",
        "type": "github"
      }
    },
    "nix-ts-mode": {
      "flake": false,
      "locked": {
        "lastModified": 1757595201,
        "narHash": "sha256-wzzLt1wA1/XzkwgEkal9Bxais5uc6FJNXVzxgPN4TR8=",
        "owner": "nix-community",
        "repo": "nix-ts-mode",
        "rev": "d769e53ccc0f40026fd11c7e23bf419c2caf4732",
        "type": "github"
      },
      "original": {
        "owner": "nix-community",
        "repo": "nix-ts-mode",
        "type": "github"
      }
    },
    "ns-auto-titlebar": {
      "flake": false,
      "locked": {
        "lastModified": 1730924918,
        "narHash": "sha256-ws1lo1PEZh16ih0c/nq2QBlmLsGtMy52+XBFLv55f8w=",
        "owner": "purcell",
        "repo": "ns-auto-titlebar",
        "rev": "1205ac67b76b58e9eb53d2115b85775533653a80",
        "type": "github"
      },
      "original": {
        "owner": "purcell",
        "repo": "ns-auto-titlebar",
        "type": "github"
      }
    },
    "orderless": {
      "flake": false,
      "locked": {
        "lastModified": 1758548650,
        "narHash": "sha256-psI93/dgYbiowni0IIGJtfSIcsh9GidAZdRMgIMIoxE=",
        "owner": "oantolin",
        "repo": "orderless",
        "rev": "9cf1c90e2501566ceba59f3220b4630995004efd",
        "type": "github"
      },
      "original": {
        "owner": "oantolin",
        "repo": "orderless",
        "type": "github"
      }
    },
    "org-appear": {
      "flake": false,
      "locked": {
        "lastModified": 1721139193,
        "narHash": "sha256-5AuKlhBRqBqFBkDuVlTbBuFlSUdEn5P+JDz3VeG30ME=",
        "owner": "awth13",
        "repo": "org-appear",
        "rev": "32ee50f8fdfa449bbc235617549c1bccb503cb09",
        "type": "github"
      },
      "original": {
        "owner": "awth13",
        "repo": "org-appear",
        "type": "github"
      }
    },
    "password-store": {
      "flake": false,
      "locked": {
        "lastModified": 1750240314,
        "narHash": "sha256-GKl67CcRaR7WU9/KPn0serN7CEIaDiI5vAOKwzQpV7k=",
        "owner": "zx2c4",
        "repo": "password-store",
        "rev": "3ca13cd8882cae4083c1c478858adbf2e82dd037",
        "type": "github"
      },
      "original": {
        "owner": "zx2c4",
        "repo": "password-store",
        "type": "github"
      }
    },
    "persp-projectile": {
      "flake": false,
      "locked": {
        "lastModified": 1624000410,
        "narHash": "sha256-af7cdjLBWqAYVNdfh1v1u+oWYNVX3/OVp940lsYJ7jI=",
        "owner": "bbatsov",
        "repo": "persp-projectile",
        "rev": "4e374d7650c7e041df5af5ac280a44d4a4ec705a",
        "type": "github"
      },
      "original": {
        "owner": "bbatsov",
        "repo": "persp-projectile",
        "type": "github"
      }
    },
    "perspective": {
      "flake": false,
      "locked": {
        "lastModified": 1762265283,
        "narHash": "sha256-Y9S7HHqHJBV/uJ1Fi1RJUaInY1enS+6ywyfdvBFBVf8=",
        "owner": "nex3",
        "repo": "perspective-el",
        "rev": "7f47c9a7be7b7d03f6d8430c84eec80ae5896699",
        "type": "github"
      },
      "original": {
        "owner": "nex3",
        "repo": "perspective-el",
        "type": "github"
      }
    },
    "pfuture": {
      "flake": false,
      "locked": {
        "lastModified": 1663077673,
        "narHash": "sha256-/UZ2nLJkogrd94CefY4bZntW59zpFZBQ3KDxVw2K7j8=",
        "owner": "Alexander-Miller",
        "repo": "pfuture",
        "rev": "19b53aebbc0f2da31de6326c495038901bffb73c",
        "type": "github"
      },
      "original": {
        "owner": "Alexander-Miller",
        "repo": "pfuture",
        "type": "github"
      }
    },
    "posframe": {
      "flake": false,
      "locked": {
        "lastModified": 1739236257,
        "narHash": "sha256-E03a24j9WvJJZpyjJ0nyciYQuBiZEwL0W+5hPuqUhes=",
        "owner": "tumashu",
        "repo": "posframe",
        "rev": "12f540c9ad5da09673b2bca1132b41f94c134e82",
        "type": "github"
      },
      "original": {
        "owner": "tumashu",
        "repo": "posframe",
        "type": "github"
      }
    },
    "projectile": {
      "flake": false,
      "locked": {
        "lastModified": 1752674730,
        "narHash": "sha256-yBYTV3lRnMVNMANuvG4YRp2oDRfFkPu39lunXeEo7YE=",
        "owner": "bbatsov",
        "repo": "projectile",
        "rev": "9325c45e0fd96d5421e75ad901a91ee5353e10ad",
        "type": "github"
      },
      "original": {
        "owner": "bbatsov",
        "repo": "projectile",
        "type": "github"
      }
    },
    "root": {
      "inputs": {
        "ace-window": "ace-window",
        "acp": "acp",
        "agent-shell": "agent-shell",
        "agent-shell-follow-edits": "agent-shell-follow-edits",
        "agent-shell-sidebar": "agent-shell-sidebar",
        "all-the-icons": "all-the-icons",
        "all-the-icons-dired": "all-the-icons-dired",
        "annalist": "annalist",
        "avy": "avy",
        "cape": "cape",
        "cfrs": "cfrs",
        "closql": "closql",
        "compat": "compat",
        "cond-let": "cond-let",
        "consult": "consult",
        "corfu": "corfu",
        "dash": "dash",
        "devdocs": "devdocs",
        "doom-themes": "doom-themes",
        "emacsql": "emacsql",
        "embark": "embark",
        "embark-consult": "embark-consult",
        "envrc": "envrc",
        "evil": "evil",
        "evil-colemak-basics": "evil-colemak-basics",
        "evil-collection": "evil-collection",
        "evil-commentary": "evil-commentary",
        "evil-easymotion": "evil-easymotion",
        "evil-goggles": "evil-goggles",
        "evil-lion": "evil-lion",
        "evil-multiedit": "evil-multiedit",
        "evil-snipe": "evil-snipe",
        "evil-surround": "evil-surround",
        "exec-path-from-shell": "exec-path-from-shell",
        "expand-region": "expand-region",
        "flycheck": "flycheck",
        "forge": "forge",
        "ghub": "ghub",
        "git-link": "git-link",
        "golden-ratio": "golden-ratio",
        "groovy-mode": "groovy-mode",
        "hcl-mode": "hcl-mode",
        "hl-todo": "hl-todo",
        "ht": "ht",
        "hydra": "hydra",
        "iedit": "iedit",
        "inheritenv": "inheritenv",
        "jenkinsfile-mode": "jenkinsfile-mode",
        "just-mode": "just-mode",
        "llama": "llama",
        "lv": "lv",
        "magit": "magit",
        "magit-section": "magit-section",
        "marginalia": "marginalia",
        "markdown-mode": "markdown-mode",
        "mcp": "mcp",
        "mood-line": "mood-line",
        "multi-vterm": "multi-vterm",
        "nix-mode": "nix-mode",
        "nix-ts-mode": "nix-ts-mode",
        "ns-auto-titlebar": "ns-auto-titlebar",
        "orderless": "orderless",
        "org-appear": "org-appear",
        "password-store": "password-store",
        "persp-projectile": "persp-projectile",
        "perspective": "perspective",
        "pfuture": "pfuture",
        "posframe": "posframe",
        "projectile": "projectile",
        "s": "s",
        "shell-maker": "shell-maker",
        "swift-mode": "swift-mode",
        "terraform-mode": "terraform-mode",
        "treemacs": "treemacs",
        "treemacs-all-the-icons": "treemacs-all-the-icons",
        "treemacs-evil": "treemacs-evil",
        "treemacs-magit": "treemacs-magit",
        "treemacs-perspective": "treemacs-perspective",
        "treepy": "treepy",
        "twist": "twist",
        "vertico": "vertico",
        "vterm": "vterm",
        "with-editor": "with-editor",
        "yaml": "yaml"
      }
    },
    "s": {
      "flake": false,
      "locked": {
        "lastModified": 1681482914,
        "narHash": "sha256-fbF/SyPwEiJICaPBq0xWj2yLWjdNwkaLF2iYvZ2EO1k=",
        "owner": "magnars",
        "repo": "s.el",
        "rev": "dda84d38fffdaf0c9b12837b504b402af910d01d",
        "type": "github"
      },
      "original": {
        "owner": "magnars",
        "repo": "s.el",
        "type": "github"
      }
    },
    "shell-maker": {
      "flake": false,
      "locked": {
        "lastModified": 1762285569,
        "narHash": "sha256-7325h5QPEr28N5Tbj4OJfCQpQOJKBpM1lgys8sTmFLw=",
        "owner": "xenodium",
        "repo": "shell-maker",
        "rev": "3d2b6d911792d4428da5bc4033cd479ba4e10b46",
        "type": "github"
      },
      "original": {
        "owner": "xenodium",
        "repo": "shell-maker",
        "type": "github"
      }
    },
    "swift-mode": {
      "flake": false,
      "locked": {
        "lastModified": 1758525125,
        "narHash": "sha256-hvgVqCzQBqtn+hIJTDuF1ETX0JnRup1/axUwoAOdqv8=",
        "owner": "swift-emacs",
        "repo": "swift-mode",
        "rev": "c2fe47722fcab02a8bd40b443fc11687793591e9",
        "type": "github"
      },
      "original": {
        "owner": "swift-emacs",
        "repo": "swift-mode",
        "type": "github"
      }
    },
    "terraform-mode": {
      "flake": false,
      "locked": {
        "lastModified": 1748439342,
        "narHash": "sha256-PWDRG0I49oPuopI1PFf8ONgNOjK6UXX36JkRg6iXr5c=",
        "owner": "hcl-emacs",
        "repo": "terraform-mode",
        "rev": "80383ff42bd0047cde6e3a1dfb87bdb9e0340da3",
        "type": "github"
      },
      "original": {
        "owner": "hcl-emacs",
        "repo": "terraform-mode",
        "type": "github"
      }
    },
    "treemacs": {
      "flake": false,
      "locked": {
        "lastModified": 1757251228,
        "narHash": "sha256-Qy3Kszb/DFihcyHXYY/itjBqmT2areVX5WE/Tg/L9C0=",
        "owner": "Alexander-Miller",
        "repo": "treemacs",
        "rev": "05333cc23ca4349cd839cf1c18e1eaef1f6b70ec",
        "type": "github"
      },
      "original": {
        "owner": "Alexander-Miller",
        "repo": "treemacs",
        "type": "github"
      }
    },
    "treemacs-all-the-icons": {
      "flake": false,
      "locked": {
        "lastModified": 1757251228,
        "narHash": "sha256-Qy3Kszb/DFihcyHXYY/itjBqmT2areVX5WE/Tg/L9C0=",
        "owner": "Alexander-Miller",
        "repo": "treemacs",
        "rev": "05333cc23ca4349cd839cf1c18e1eaef1f6b70ec",
        "type": "github"
      },
      "original": {
        "owner": "Alexander-Miller",
        "repo": "treemacs",
        "type": "github"
      }
    },
    "treemacs-evil": {
      "flake": false,
      "locked": {
        "lastModified": 1757251228,
        "narHash": "sha256-Qy3Kszb/DFihcyHXYY/itjBqmT2areVX5WE/Tg/L9C0=",
        "owner": "Alexander-Miller",
        "repo": "treemacs",
        "rev": "05333cc23ca4349cd839cf1c18e1eaef1f6b70ec",
        "type": "github"
      },
      "original": {
        "owner": "Alexander-Miller",
        "repo": "treemacs",
        "type": "github"
      }
    },
    "treemacs-magit": {
      "flake": false,
      "locked": {
        "lastModified": 1757251228,
        "narHash": "sha256-Qy3Kszb/DFihcyHXYY/itjBqmT2areVX5WE/Tg/L9C0=",
        "owner": "Alexander-Miller",
        "repo": "treemacs",
        "rev": "05333cc23ca4349cd839cf1c18e1eaef1f6b70ec",
        "type": "github"
      },
      "original": {
        "owner": "Alexander-Miller",
        "repo": "treemacs",
        "type": "github"
      }
    },
    "treemacs-perspective": {
      "flake": false,
      "locked": {
        "lastModified": 1757251228,
        "narHash": "sha256-Qy3Kszb/DFihcyHXYY/itjBqmT2areVX5WE/Tg/L9C0=",
        "owner": "Alexander-Miller",
        "repo": "treemacs",
        "rev": "05333cc23ca4349cd839cf1c18e1eaef1f6b70ec",
        "type": "github"
      },
      "original": {
        "owner": "Alexander-Miller",
        "repo": "treemacs",
        "type": "github"
      }
    },
    "treepy": {
      "flake": false,
      "locked": {
        "lastModified": 1727681311,
        "narHash": "sha256-FtvWt5usbaNYXHZZ73+EuhOu0+4QcO3msPPpscLSZHg=",
        "owner": "volrath",
        "repo": "treepy.el",
        "rev": "651e2634f01f346da9ec8a64613c51f54b444bc3",
        "type": "github"
      },
      "original": {
        "owner": "volrath",
        "repo": "treepy.el",
        "type": "github"
      }
    },
    "twist": {
      "flake": false,
      "locked": {
        "lastModified": 1700878793,
        "narHash": "sha256-R4wXVq9lb8WuTDdXjtaFiptJgBhKjoiJzUNXtZwkvto=",
        "owner": "emacs-twist",
        "repo": "twist.el",
        "rev": "cc49891252ae060656bb859ca5bc49a5dcb47b40",
        "type": "github"
      },
      "original": {
        "owner": "emacs-twist",
        "repo": "twist.el",
        "type": "github"
      }
    },
    "vertico": {
      "flake": false,
      "locked": {
        "lastModified": 1760079438,
        "narHash": "sha256-B7/V0py+9ZCqZScjps2/1LNtM1+PPTUH+DKnYasxm4M=",
        "owner": "minad",
        "repo": "vertico",
        "rev": "17c629087ea23466b10fd0dd4ecce53e17a810e3",
        "type": "github"
      },
      "original": {
        "owner": "minad",
        "repo": "vertico",
        "type": "github"
      }
    },
    "vterm": {
      "flake": false,
      "locked": {
        "lastModified": 1759158857,
        "narHash": "sha256-JyjlMejvinKAh8PHziAq9yZT1sc3xfkkfKZcLHl65Yg=",
        "owner": "akermu",
        "repo": "emacs-libvterm",
        "rev": "adf8d10212d15f9bd5ca62b96c7b423be02ce3c4",
        "type": "github"
      },
      "original": {
        "owner": "akermu",
        "repo": "emacs-libvterm",
        "type": "github"
      }
    },
    "with-editor": {
      "flake": false,
      "locked": {
        "lastModified": 1762030814,
        "narHash": "sha256-eHBJElVSrXHlGuXospNUaf0ZAU1VclTnFO9P0HzimHQ=",
        "owner": "magit",
        "repo": "with-editor",
        "rev": "dbc694406c2fd8e9d3e6ffbc4f8aff4e8c28029f",
        "type": "github"
      },
      "original": {
        "owner": "magit",
        "repo": "with-editor",
        "type": "github"
      }
    },
    "yaml": {
      "flake": false,
      "locked": {
        "lastModified": 1761771404,
        "narHash": "sha256-cwslh0ZUoXj5R6qTDJHr1YkooJGE1nPkj/P/87tfM5c=",
        "owner": "zkry",
        "repo": "yaml.el",
        "rev": "3fbeaee97dce3c76a18b02a28c58777cbcdadf2f",
        "type": "github"
      },
      "original": {
        "owner": "zkry",
        "repo": "yaml.el",
        "type": "github"
      }
    }
  },
  "root": "root",
  "version": 7
}
