{
  "nodes": {
    "ace-window": {
      "flake": false,
      "locked": {
        "lastModified": 1662868721,
        "narHash": "sha256-eGmOL272H5X7BmeXRCfMjB3ucf9GH2xThyozgkW62dA=",
        "owner": "abo-abo",
        "repo": "ace-window",
        "rev": "77115afc1b0b9f633084cf7479c767988106c196",
        "type": "github"
      },
      "original": {
        "owner": "abo-abo",
        "repo": "ace-window",
        "type": "github"
      }
    },
    "all-the-icons": {
      "flake": false,
      "locked": {
        "lastModified": 1719165638,
        "narHash": "sha256-SlqJ8erFtiydEdgZFGJ23DQ9fZH4FF09iO6t3gf5pwE=",
        "owner": "domtronn",
        "repo": "all-the-icons.el",
        "rev": "39ef44f810c34e8900978788467cc675870bcd19",
        "type": "github"
      },
      "original": {
        "owner": "domtronn",
        "repo": "all-the-icons.el",
        "type": "github"
      }
    },
    "all-the-icons-dired": {
      "flake": false,
      "locked": {
        "lastModified": 1701955440,
        "narHash": "sha256-27xvh7qrK4CSPC4Q2cCyL1ztVQvU1BpdVtczSKzLk4c=",
        "owner": "wyuenho",
        "repo": "all-the-icons-dired",
        "rev": "e157f0668f22ed586aebe0a2c0186ab07702986c",
        "type": "github"
      },
      "original": {
        "owner": "wyuenho",
        "repo": "all-the-icons-dired",
        "type": "github"
      }
    },
    "annalist": {
      "flake": false,
      "locked": {
        "lastModified": 1714564903,
        "narHash": "sha256-SKHL7oFP0dVbddvjxwXqwh5wi/eApItXonj0HO3kKLY=",
        "owner": "noctuid",
        "repo": "annalist.el",
        "rev": "e1ef5dad75fa502d761f70d9ddf1aeb1c423f41d",
        "type": "github"
      },
      "original": {
        "owner": "noctuid",
        "repo": "annalist.el",
        "type": "github"
      }
    },
    "avy": {
      "flake": false,
      "locked": {
        "lastModified": 1681963449,
        "narHash": "sha256-cZxerGMWKlKSrTEDkQh7cSY3185CmccMjlCXYEssZi8=",
        "owner": "abo-abo",
        "repo": "avy",
        "rev": "be612110cb116a38b8603df367942e2bb3d9bdbe",
        "type": "github"
      },
      "original": {
        "owner": "abo-abo",
        "repo": "avy",
        "type": "github"
      }
    },
    "cape": {
      "flake": false,
      "locked": {
        "lastModified": 1727342332,
        "narHash": "sha256-4Mni/pL6ErbSuRQwfQmubwiL/uraOWscrFUxMjrjQbc=",
        "owner": "minad",
        "repo": "cape",
        "rev": "2734e4ea0631f0e2944eac1aed79a55951157f55",
        "type": "github"
      },
      "original": {
        "owner": "minad",
        "repo": "cape",
        "type": "github"
      }
    },
    "cfrs": {
      "flake": false,
      "locked": {
        "lastModified": 1643456986,
        "narHash": "sha256-EY+5E5QRwHlc1FmGFci32eyrpEJ1joO3D3V0LVD9xe0=",
        "owner": "Alexander-Miller",
        "repo": "cfrs",
        "rev": "f3a21f237b2a54e6b9f8a420a9da42b4f0a63121",
        "type": "github"
      },
      "original": {
        "owner": "Alexander-Miller",
        "repo": "cfrs",
        "type": "github"
      }
    },
    "closql": {
      "flake": false,
      "locked": {
        "lastModified": 1723145646,
        "narHash": "sha256-HHP+oqz2op19bXIvIRUl1YYQdf78qXl/nZMzLOquBzo=",
        "owner": "magit",
        "repo": "closql",
        "rev": "c1a346d56ecee16d1f0d7707f0d62c72604a8802",
        "type": "github"
      },
      "original": {
        "owner": "magit",
        "repo": "closql",
        "type": "github"
      }
    },
    "compat": {
      "flake": false,
      "locked": {
        "lastModified": 1725980821,
        "narHash": "sha256-aW3v+8FYosGnRfavug90E/WpPfuz166q6DJwHvcdY5w=",
        "owner": "emacs-compat",
        "repo": "compat",
        "rev": "9a234d0d28cccd33f64faea6074fa2865a17c164",
        "type": "github"
      },
      "original": {
        "owner": "emacs-compat",
        "repo": "compat",
        "type": "github"
      }
    },
    "consult": {
      "flake": false,
      "locked": {
        "lastModified": 1727816268,
        "narHash": "sha256-3bl3Eb19F0La1bjeK7VxSsCduyi6xGqOjByf/rs+FnY=",
        "owner": "minad",
        "repo": "consult",
        "rev": "07ea5421fbcb65b2207a43a0941124a95a47abc7",
        "type": "github"
      },
      "original": {
        "owner": "minad",
        "repo": "consult",
        "type": "github"
      }
    },
    "corfu": {
      "flake": false,
      "locked": {
        "lastModified": 1727797810,
        "narHash": "sha256-VKGBm4yzJPB9KCENjYSbSuUgGGwGeVCRw9O9N4FfRis=",
        "owner": "minad",
        "repo": "corfu",
        "rev": "05889f194fd044223a1ddc7cfb2f96c752df5559",
        "type": "github"
      },
      "original": {
        "owner": "minad",
        "repo": "corfu",
        "type": "github"
      }
    },
    "dash": {
      "flake": false,
      "locked": {
        "lastModified": 1715347628,
        "narHash": "sha256-at42NCcdF9g7a55asnOCSqsvG+XhWuvVsHFT6kU9f9o=",
        "owner": "magnars",
        "repo": "dash.el",
        "rev": "1de9dcb83eacfb162b6d9a118a4770b1281bcd84",
        "type": "github"
      },
      "original": {
        "owner": "magnars",
        "repo": "dash.el",
        "type": "github"
      }
    },
    "doom-themes": {
      "flake": false,
      "locked": {
        "lastModified": 1725916625,
        "narHash": "sha256-rV1iyHSjy6QGVrCwMIJQJjYXivl4ZBVgUwi0LTTsQxA=",
        "owner": "doomemacs",
        "repo": "themes",
        "rev": "1cac71a4b2434036496a49b4440fdba3d0b5b387",
        "type": "github"
      },
      "original": {
        "owner": "doomemacs",
        "repo": "themes",
        "type": "github"
      }
    },
    "emacsql": {
      "flake": false,
      "locked": {
        "lastModified": 1725630154,
        "narHash": "sha256-MaL3t+2MhWOE6eLmt8m4ImpsKeNeUZ4S8zEoQVu51ZY=",
        "owner": "magit",
        "repo": "emacsql",
        "rev": "fb05d0f72729a4b4452a3b1168a9b7b35a851a53",
        "type": "github"
      },
      "original": {
        "owner": "magit",
        "repo": "emacsql",
        "type": "github"
      }
    },
    "embark": {
      "flake": false,
      "locked": {
        "lastModified": 1726770718,
        "narHash": "sha256-hSjg/XKZnlmWOWhq17vTUulD2L6TFmHv4Uq3q9Sqxbc=",
        "owner": "oantolin",
        "repo": "embark",
        "rev": "718f0f293440b2d5e951c6c4a88ee548180af016",
        "type": "github"
      },
      "original": {
        "owner": "oantolin",
        "repo": "embark",
        "type": "github"
      }
    },
    "embark-consult": {
      "flake": false,
      "locked": {
        "lastModified": 1726770718,
        "narHash": "sha256-hSjg/XKZnlmWOWhq17vTUulD2L6TFmHv4Uq3q9Sqxbc=",
        "owner": "oantolin",
        "repo": "embark",
        "rev": "718f0f293440b2d5e951c6c4a88ee548180af016",
        "type": "github"
      },
      "original": {
        "owner": "oantolin",
        "repo": "embark",
        "type": "github"
      }
    },
    "envrc": {
      "flake": false,
      "locked": {
        "lastModified": 1727431826,
        "narHash": "sha256-CCdk+Zb1pCbN5VRH2R78d9Jx/0NSLfU8aSNUqSgVkv8=",
        "owner": "purcell",
        "repo": "envrc",
        "rev": "3e3d2ad0f6381bf519ff82418eab2282e113380f",
        "type": "github"
      },
      "original": {
        "owner": "purcell",
        "repo": "envrc",
        "type": "github"
      }
    },
    "evil": {
      "flake": false,
      "locked": {
        "lastModified": 1728237249,
        "narHash": "sha256-/rEgXTjUKMVoySABf9wvWrXtvH8+++SXbw001nLPXng=",
        "owner": "emacs-evil",
        "repo": "evil",
        "rev": "b7ab3840dbfc1da5f9ad56542fc94e3dab4be5f1",
        "type": "github"
      },
      "original": {
        "owner": "emacs-evil",
        "repo": "evil",
        "type": "github"
      }
    },
    "evil-colemak-basics": {
      "flake": false,
      "locked": {
        "lastModified": 1728058392,
        "narHash": "sha256-Q2KuTLPIOMKTazQBIdj/HfXpxFcQ223Ib3jHw9IQLfA=",
        "owner": "wbolster",
        "repo": "emacs-evil-colemak-basics",
        "rev": "9465c8da35fe7dd0f66184e671e357ec91faa3fe",
        "type": "github"
      },
      "original": {
        "owner": "wbolster",
        "repo": "emacs-evil-colemak-basics",
        "type": "github"
      }
    },
    "evil-collection": {
      "flake": false,
      "locked": {
        "lastModified": 1724756578,
        "narHash": "sha256-e2Og+J4qUn9l2IhsEMUvb4VF/VJaP3dX6I0nOrw4M0c=",
        "owner": "emacs-evil",
        "repo": "evil-collection",
        "rev": "6365e7c8ae728f7a26294db261b6778d089a6263",
        "type": "github"
      },
      "original": {
        "owner": "emacs-evil",
        "repo": "evil-collection",
        "type": "github"
      }
    },
    "evil-commentary": {
      "flake": false,
      "locked": {
        "lastModified": 1686391588,
        "narHash": "sha256-LEkHIm0dcMvSsGfE3hLA6C3YFCdBK8JrIFnpHic4coU=",
        "owner": "linktohack",
        "repo": "evil-commentary",
        "rev": "c5945f28ce47644c828aac1f5f6ec335478d17fb",
        "type": "github"
      },
      "original": {
        "owner": "linktohack",
        "repo": "evil-commentary",
        "type": "github"
      }
    },
    "evil-easymotion": {
      "flake": false,
      "locked": {
        "lastModified": 1587692120,
        "narHash": "sha256-kLFDZibdwro6v8Tinov6KUtitx8Qo1EZq447aldSW3c=",
        "owner": "PythonNut",
        "repo": "evil-easymotion",
        "rev": "f96c2ed38ddc07908db7c3c11bcd6285a3e8c2e9",
        "type": "github"
      },
      "original": {
        "owner": "PythonNut",
        "repo": "evil-easymotion",
        "type": "github"
      }
    },
    "evil-goggles": {
      "flake": false,
      "locked": {
        "lastModified": 1697873907,
        "narHash": "sha256-NYkf/7yomMe8pMuyJ6++zvQFZ3i/W0AefZCNWMU6nK0=",
        "owner": "edkolev",
        "repo": "evil-goggles",
        "rev": "34ca276a85f615d2b45e714c9f8b5875bcb676f3",
        "type": "github"
      },
      "original": {
        "owner": "edkolev",
        "repo": "evil-goggles",
        "type": "github"
      }
    },
    "evil-lion": {
      "flake": false,
      "locked": {
        "lastModified": 1683813727,
        "narHash": "sha256-9wgSqnc7fzpHP/rPEOcSyli6d7ntm/QmAiQPrXB84mg=",
        "owner": "edkolev",
        "repo": "evil-lion",
        "rev": "1e838a53b8f18a3c8bdf3e952186abc2ee9cb98e",
        "type": "github"
      },
      "original": {
        "owner": "edkolev",
        "repo": "evil-lion",
        "type": "github"
      }
    },
    "evil-multiedit": {
      "flake": false,
      "locked": {
        "lastModified": 1637513404,
        "narHash": "sha256-2L1cegKab6x12U+ufRqTHh1MDpBOpjNn/AJ+VLTmzCM=",
        "owner": "hlissner",
        "repo": "evil-multiedit",
        "rev": "23b53bc8743fb82a8854ba907b1d277374c93a79",
        "type": "github"
      },
      "original": {
        "owner": "hlissner",
        "repo": "evil-multiedit",
        "type": "github"
      }
    },
    "evil-snipe": {
      "flake": false,
      "locked": {
        "lastModified": 1692633770,
        "narHash": "sha256-QaIi7SleT33TMNrJHHpLvWcgqqvKNUG3wXmt7YiA+8A=",
        "owner": "hlissner",
        "repo": "evil-snipe",
        "rev": "c2108d3932fcd2f75ac3e48250d6badd668f5b4f",
        "type": "github"
      },
      "original": {
        "owner": "hlissner",
        "repo": "evil-snipe",
        "type": "github"
      }
    },
    "evil-surround": {
      "flake": false,
      "locked": {
        "lastModified": 1711356742,
        "narHash": "sha256-BS/zSsvMBBzujn5XGAYR22Nv5BZp1EsUBE452Ozm/XE=",
        "owner": "emacs-evil",
        "repo": "evil-surround",
        "rev": "da05c60b0621cf33161bb4335153f75ff5c29d91",
        "type": "github"
      },
      "original": {
        "owner": "emacs-evil",
        "repo": "evil-surround",
        "type": "github"
      }
    },
    "expand-region": {
      "flake": false,
      "locked": {
        "lastModified": 1726756064,
        "narHash": "sha256-vFIPipuQGHcFuJxqPRW+rFSNUc0iYZ6MlF7ossUWwUQ=",
        "owner": "magnars",
        "repo": "expand-region.el",
        "rev": "541d971f7c77ca5c0f66c88bcbfeb0d165883023",
        "type": "github"
      },
      "original": {
        "owner": "magnars",
        "repo": "expand-region.el",
        "type": "github"
      }
    },
    "flycheck": {
      "flake": false,
      "locked": {
        "lastModified": 1721969816,
        "narHash": "sha256-mFhrFzEBEpvRZMKSq59WXvdkEECNCeYowu2B+0JNwos=",
        "owner": "flycheck",
        "repo": "flycheck",
        "rev": "7a6398ea3538a898eba0276f0f89b2f878325a89",
        "type": "github"
      },
      "original": {
        "owner": "flycheck",
        "repo": "flycheck",
        "type": "github"
      }
    },
    "forge": {
      "flake": false,
      "locked": {
        "lastModified": 1727816284,
        "narHash": "sha256-2BMiXZffF9pJ0Slosw3GFtgbmgl0wuclqQyOmwIdOds=",
        "owner": "magit",
        "repo": "forge",
        "rev": "a63685b921f25e861bf1e172e46beb771e56b924",
        "type": "github"
      },
      "original": {
        "owner": "magit",
        "repo": "forge",
        "type": "github"
      }
    },
    "ghub": {
      "flake": false,
      "locked": {
        "lastModified": 1727778347,
        "narHash": "sha256-3qnT+gMo7m/g+ClnLhst52MzEzZ3nDtIwgOYH9DptNw=",
        "owner": "magit",
        "repo": "ghub",
        "rev": "23d1cd6b089db6619d02d66957c6a274311abd60",
        "type": "github"
      },
      "original": {
        "owner": "magit",
        "repo": "ghub",
        "type": "github"
      }
    },
    "git-link": {
      "flake": false,
      "locked": {
        "lastModified": 1727131559,
        "narHash": "sha256-F+T5W0Z04DpsPUqo266Fn+D/3g+xqEk4jR830s7jbnk=",
        "owner": "sshaw",
        "repo": "git-link",
        "rev": "2107af13e15fab4e42f52844af080e4485ea5470",
        "type": "github"
      },
      "original": {
        "owner": "sshaw",
        "repo": "git-link",
        "type": "github"
      }
    },
    "golden-ratio": {
      "flake": false,
      "locked": {
        "lastModified": 1694543157,
        "narHash": "sha256-kc5KYeh9WanFpWf4JHDxfXgSIiKMw8ofZaBLA4cqwyg=",
        "owner": "roman",
        "repo": "golden-ratio.el",
        "rev": "375c9f287dfad68829582c1e0a67d0c18119dab9",
        "type": "github"
      },
      "original": {
        "owner": "roman",
        "repo": "golden-ratio.el",
        "type": "github"
      }
    },
    "groovy-mode": {
      "flake": false,
      "locked": {
        "lastModified": 1679117628,
        "narHash": "sha256-Da1X8DzSz10Rr1NUpe1ZK5N/GLmTCf2P6/IOtiCZIAU=",
        "owner": "Groovy-Emacs-Modes",
        "repo": "groovy-emacs-modes",
        "rev": "7b8520b2e2d3ab1d62b35c426e17ac25ed0120bb",
        "type": "github"
      },
      "original": {
        "owner": "Groovy-Emacs-Modes",
        "repo": "groovy-emacs-modes",
        "type": "github"
      }
    },
    "hcl-mode": {
      "flake": false,
      "locked": {
        "lastModified": 1708443648,
        "narHash": "sha256-/8g9LJbPOeIuNor/jFV/h+3fwu7baj7UBgmSwR0JvPM=",
        "owner": "hcl-emacs",
        "repo": "hcl-mode",
        "rev": "37f2cb1bf6fb51fbf99d4fac256298fcd6d1dd24",
        "type": "github"
      },
      "original": {
        "owner": "hcl-emacs",
        "repo": "hcl-mode",
        "type": "github"
      }
    },
    "hl-todo": {
      "flake": false,
      "locked": {
        "lastModified": 1722869069,
        "narHash": "sha256-yB36gvHli/JW5Q5msDjCZvaM9DnXCicTUf3cdtk6oQM=",
        "owner": "tarsius",
        "repo": "hl-todo",
        "rev": "82eba6b8f7b5a4cbcf22436d5c5b88fb3134f57e",
        "type": "github"
      },
      "original": {
        "owner": "tarsius",
        "repo": "hl-todo",
        "type": "github"
      }
    },
    "ht": {
      "flake": false,
      "locked": {
        "lastModified": 1688363925,
        "narHash": "sha256-suE9ncN4rTA/9GcfAK6B+m9vnE8pYpfGavCFrXpA0+8=",
        "owner": "Wilfred",
        "repo": "ht.el",
        "rev": "1c49aad1c820c86f7ee35bf9fff8429502f60fef",
        "type": "github"
      },
      "original": {
        "owner": "Wilfred",
        "repo": "ht.el",
        "type": "github"
      }
    },
    "hydra": {
      "flake": false,
      "locked": {
        "lastModified": 1662811567,
        "narHash": "sha256-tZmYPUN6bgn+6zWbKmqhpCoD4kcrRCn9i6SC1e8Ed9k=",
        "owner": "abo-abo",
        "repo": "hydra",
        "rev": "317e1de33086637579a7aeb60f77ed0405bf359b",
        "type": "github"
      },
      "original": {
        "owner": "abo-abo",
        "repo": "hydra",
        "type": "github"
      }
    },
    "iedit": {
      "flake": false,
      "locked": {
        "lastModified": 1644997811,
        "narHash": "sha256-MH4PVhyNdzcYV+ZVDXGLt8biAHpO6G15OpCkmngq5h8=",
        "owner": "victorhge",
        "repo": "iedit",
        "rev": "27c61866b1b9b8d77629ac702e5f48e67dfe0d3b",
        "type": "github"
      },
      "original": {
        "owner": "victorhge",
        "repo": "iedit",
        "type": "github"
      }
    },
    "inheritenv": {
      "flake": false,
      "locked": {
        "lastModified": 1725357511,
        "narHash": "sha256-eYYtnFRnysIMtZ54UmGkTQrh4Ugsn7IICvtzfmZ0qh0=",
        "owner": "purcell",
        "repo": "inheritenv",
        "rev": "e8b012933cf5cc8deee8d961ca6c6c0d92745218",
        "type": "github"
      },
      "original": {
        "owner": "purcell",
        "repo": "inheritenv",
        "type": "github"
      }
    },
    "jenkinsfile-mode": {
      "flake": false,
      "locked": {
        "lastModified": 1685045178,
        "narHash": "sha256-bUWt+FTNECzYh0siqdw8TsYktRvqYpE30a2YiqGC8MI=",
        "owner": "john2x",
        "repo": "jenkinsfile-mode",
        "rev": "568865ee419e0592de0dd0717d6769a66d9df111",
        "type": "github"
      },
      "original": {
        "owner": "john2x",
        "repo": "jenkinsfile-mode",
        "type": "github"
      }
    },
    "lv": {
      "flake": false,
      "locked": {
        "lastModified": 1662811567,
        "narHash": "sha256-tZmYPUN6bgn+6zWbKmqhpCoD4kcrRCn9i6SC1e8Ed9k=",
        "owner": "abo-abo",
        "repo": "hydra",
        "rev": "317e1de33086637579a7aeb60f77ed0405bf359b",
        "type": "github"
      },
      "original": {
        "owner": "abo-abo",
        "repo": "hydra",
        "type": "github"
      }
    },
    "magit": {
      "flake": false,
      "locked": {
        "lastModified": 1728033476,
        "narHash": "sha256-g0iKsuyK/4S21WGb8eNnUMnC8jk0x0MASunPvqf4F9I=",
        "owner": "magit",
        "repo": "magit",
        "rev": "2b6516e04431c339a41887b27ce6a1193df6e9c3",
        "type": "github"
      },
      "original": {
        "owner": "magit",
        "repo": "magit",
        "type": "github"
      }
    },
    "magit-section": {
      "flake": false,
      "locked": {
        "lastModified": 1728033476,
        "narHash": "sha256-g0iKsuyK/4S21WGb8eNnUMnC8jk0x0MASunPvqf4F9I=",
        "owner": "magit",
        "repo": "magit",
        "rev": "2b6516e04431c339a41887b27ce6a1193df6e9c3",
        "type": "github"
      },
      "original": {
        "owner": "magit",
        "repo": "magit",
        "type": "github"
      }
    },
    "marginalia": {
      "flake": false,
      "locked": {
        "lastModified": 1727342301,
        "narHash": "sha256-UsPO3ypy6723zhsa+5T/QrUDSghIVkNhR8IQZ6b0L+Q=",
        "owner": "minad",
        "repo": "marginalia",
        "rev": "be2e57efff640880251c082ac93bd365b7202e6a",
        "type": "github"
      },
      "original": {
        "owner": "minad",
        "repo": "marginalia",
        "type": "github"
      }
    },
    "markdown-mode": {
      "flake": false,
      "locked": {
        "lastModified": 1724901870,
        "narHash": "sha256-sjCTWSVKaUFGTeDG9KLMPVoE81JI9sEMgOIMZXFca30=",
        "owner": "jrblevin",
        "repo": "markdown-mode",
        "rev": "6102ac5b7301b4c4fc0262d9c6516693d5a33f2b",
        "type": "github"
      },
      "original": {
        "owner": "jrblevin",
        "repo": "markdown-mode",
        "type": "github"
      }
    },
    "multi-vterm": {
      "flake": false,
      "locked": {
        "lastModified": 1667196630,
        "narHash": "sha256-J2Isim4v4W06c+e28OrVkMprvk0XLfRSIkzo2UzVfgY=",
        "owner": "suonlight",
        "repo": "multi-vterm",
        "rev": "36746d85870dac5aaee6b9af4aa1c3c0ef21a905",
        "type": "github"
      },
      "original": {
        "owner": "suonlight",
        "repo": "multi-vterm",
        "type": "github"
      }
    },
    "nix-mode": {
      "flake": false,
      "locked": {
        "lastModified": 1682109415,
        "narHash": "sha256-W/bxCAn4cvzKGbhILxtTiWJ5Wln2w6g4TPgk+ziCXsQ=",
        "owner": "NixOS",
        "repo": "nix-mode",
        "rev": "719feb7868fb567ecfe5578f6119892c771ac5e5",
        "type": "github"
      },
      "original": {
        "owner": "NixOS",
        "repo": "nix-mode",
        "type": "github"
      }
    },
    "nix-ts-mode": {
      "flake": false,
      "locked": {
        "lastModified": 1727679226,
        "narHash": "sha256-Yj0E6yvdrDSCS4WPcz3mD/f6R63KCPeyytrrwsgwp7A=",
        "owner": "nix-community",
        "repo": "nix-ts-mode",
        "rev": "a1189df50d8f4fa88f3b939cb9727bb5997f9b82",
        "type": "github"
      },
      "original": {
        "owner": "nix-community",
        "repo": "nix-ts-mode",
        "type": "github"
      }
    },
    "ns-auto-titlebar": {
      "flake": false,
      "locked": {
        "lastModified": 1596683597,
        "narHash": "sha256-Y+pTAoR47JX10j7r6nFrqn1x/6fc5SEEGSRj6irwIDM=",
        "owner": "purcell",
        "repo": "ns-auto-titlebar",
        "rev": "60273e764bf8d95abc40dd2fdc23af87ea9ee33b",
        "type": "github"
      },
      "original": {
        "owner": "purcell",
        "repo": "ns-auto-titlebar",
        "type": "github"
      }
    },
    "orderless": {
      "flake": false,
      "locked": {
        "lastModified": 1727342460,
        "narHash": "sha256-JXOAWUy48Dpy3FHQm1AeReb4JOvXmwFJYaB1V0DoPkY=",
        "owner": "oantolin",
        "repo": "orderless",
        "rev": "96b74d2450ab4ab1a175d0e86c62f6695c4709b5",
        "type": "github"
      },
      "original": {
        "owner": "oantolin",
        "repo": "orderless",
        "type": "github"
      }
    },
    "org-appear": {
      "flake": false,
      "locked": {
        "lastModified": 1721139193,
        "narHash": "sha256-5AuKlhBRqBqFBkDuVlTbBuFlSUdEn5P+JDz3VeG30ME=",
        "owner": "awth13",
        "repo": "org-appear",
        "rev": "32ee50f8fdfa449bbc235617549c1bccb503cb09",
        "type": "github"
      },
      "original": {
        "owner": "awth13",
        "repo": "org-appear",
        "type": "github"
      }
    },
    "org-modern": {
      "flake": false,
      "locked": {
        "lastModified": 1727342579,
        "narHash": "sha256-5rpgilXA3LUMXYSrAP1Isv8hIHvA9l30ympWMWPXZ10=",
        "owner": "minad",
        "repo": "org-modern",
        "rev": "5b7e8195744f9b6a14a5c72bd13ae52e86952d72",
        "type": "github"
      },
      "original": {
        "owner": "minad",
        "repo": "org-modern",
        "type": "github"
      }
    },
    "password-store": {
      "flake": false,
      "locked": {
        "lastModified": 1701424483,
        "narHash": "sha256-TJ1lKQJeTDm/tQ0M7HjlmnRmfQw6qTQmrvvcBk/9ZUE=",
        "owner": "zx2c4",
        "repo": "password-store",
        "rev": "b5e965a838bb68c1227caa2cdd874ba496f10149",
        "type": "github"
      },
      "original": {
        "owner": "zx2c4",
        "repo": "password-store",
        "type": "github"
      }
    },
    "persp-projectile": {
      "flake": false,
      "locked": {
        "lastModified": 1624000410,
        "narHash": "sha256-af7cdjLBWqAYVNdfh1v1u+oWYNVX3/OVp940lsYJ7jI=",
        "owner": "bbatsov",
        "repo": "persp-projectile",
        "rev": "4e374d7650c7e041df5af5ac280a44d4a4ec705a",
        "type": "github"
      },
      "original": {
        "owner": "bbatsov",
        "repo": "persp-projectile",
        "type": "github"
      }
    },
    "perspective": {
      "flake": false,
      "locked": {
        "lastModified": 1713067199,
        "narHash": "sha256-I+J9fMwvlCGHjM9lw3THThQWCN7Ejk+1N32DmV5q6jg=",
        "owner": "nex3",
        "repo": "perspective-el",
        "rev": "f50eb57855f3996ef1e66755bf94620d7342ecfc",
        "type": "github"
      },
      "original": {
        "owner": "nex3",
        "repo": "perspective-el",
        "type": "github"
      }
    },
    "pfuture": {
      "flake": false,
      "locked": {
        "lastModified": 1663077673,
        "narHash": "sha256-/UZ2nLJkogrd94CefY4bZntW59zpFZBQ3KDxVw2K7j8=",
        "owner": "Alexander-Miller",
        "repo": "pfuture",
        "rev": "19b53aebbc0f2da31de6326c495038901bffb73c",
        "type": "github"
      },
      "original": {
        "owner": "Alexander-Miller",
        "repo": "pfuture",
        "type": "github"
      }
    },
    "posframe": {
      "flake": false,
      "locked": {
        "lastModified": 1724741648,
        "narHash": "sha256-4/gK1VGhaF8l0ymUStY30TUlRY8OHOykFTpY1IF3M9w=",
        "owner": "tumashu",
        "repo": "posframe",
        "rev": "570273bcf6c21641f02ccfcc9478607728f0a2a2",
        "type": "github"
      },
      "original": {
        "owner": "tumashu",
        "repo": "posframe",
        "type": "github"
      }
    },
    "projectile": {
      "flake": false,
      "locked": {
        "lastModified": 1725206052,
        "narHash": "sha256-4rlAIKI6i71VYqCzw4VZ+cqf9KhO0kvlPxlLemUMArk=",
        "owner": "bbatsov",
        "repo": "projectile",
        "rev": "002e52769e5fda5e03fb9069ae02b2d3763c92e8",
        "type": "github"
      },
      "original": {
        "owner": "bbatsov",
        "repo": "projectile",
        "type": "github"
      }
    },
    "root": {
      "inputs": {
        "ace-window": "ace-window",
        "all-the-icons": "all-the-icons",
        "all-the-icons-dired": "all-the-icons-dired",
        "annalist": "annalist",
        "avy": "avy",
        "cape": "cape",
        "cfrs": "cfrs",
        "closql": "closql",
        "compat": "compat",
        "consult": "consult",
        "corfu": "corfu",
        "dash": "dash",
        "doom-themes": "doom-themes",
        "emacsql": "emacsql",
        "embark": "embark",
        "embark-consult": "embark-consult",
        "envrc": "envrc",
        "evil": "evil",
        "evil-colemak-basics": "evil-colemak-basics",
        "evil-collection": "evil-collection",
        "evil-commentary": "evil-commentary",
        "evil-easymotion": "evil-easymotion",
        "evil-goggles": "evil-goggles",
        "evil-lion": "evil-lion",
        "evil-multiedit": "evil-multiedit",
        "evil-snipe": "evil-snipe",
        "evil-surround": "evil-surround",
        "expand-region": "expand-region",
        "flycheck": "flycheck",
        "forge": "forge",
        "ghub": "ghub",
        "git-link": "git-link",
        "golden-ratio": "golden-ratio",
        "groovy-mode": "groovy-mode",
        "hcl-mode": "hcl-mode",
        "hl-todo": "hl-todo",
        "ht": "ht",
        "hydra": "hydra",
        "iedit": "iedit",
        "inheritenv": "inheritenv",
        "jenkinsfile-mode": "jenkinsfile-mode",
        "lv": "lv",
        "magit": "magit",
        "magit-section": "magit-section",
        "marginalia": "marginalia",
        "markdown-mode": "markdown-mode",
        "multi-vterm": "multi-vterm",
        "nix-mode": "nix-mode",
        "nix-ts-mode": "nix-ts-mode",
        "ns-auto-titlebar": "ns-auto-titlebar",
        "orderless": "orderless",
        "org-appear": "org-appear",
        "org-modern": "org-modern",
        "password-store": "password-store",
        "persp-projectile": "persp-projectile",
        "perspective": "perspective",
        "pfuture": "pfuture",
        "posframe": "posframe",
        "projectile": "projectile",
        "s": "s",
        "spacious-padding": "spacious-padding",
        "terraform-mode": "terraform-mode",
        "treemacs": "treemacs",
        "treemacs-all-the-icons": "treemacs-all-the-icons",
        "treemacs-evil": "treemacs-evil",
        "treemacs-magit": "treemacs-magit",
        "treemacs-perspective": "treemacs-perspective",
        "treepy": "treepy",
        "vertico": "vertico",
        "vterm": "vterm",
        "with-editor": "with-editor",
        "yaml": "yaml"
      }
    },
    "s": {
      "flake": false,
      "locked": {
        "lastModified": 1681482914,
        "narHash": "sha256-fbF/SyPwEiJICaPBq0xWj2yLWjdNwkaLF2iYvZ2EO1k=",
        "owner": "magnars",
        "repo": "s.el",
        "rev": "dda84d38fffdaf0c9b12837b504b402af910d01d",
        "type": "github"
      },
      "original": {
        "owner": "magnars",
        "repo": "s.el",
        "type": "github"
      }
    },
    "spacious-padding": {
      "flake": false,
      "locked": {
        "lastModified": 1722505214,
        "narHash": "sha256-lDwcwuhzgWQm8ixx8R5W2XROeAJeNPktX5nsjWYIvoc=",
        "owner": "protesilaos",
        "repo": "spacious-padding",
        "rev": "a3151f3c99d6b3b2d4644da88546476b3d31f0fe",
        "type": "github"
      },
      "original": {
        "owner": "protesilaos",
        "repo": "spacious-padding",
        "type": "github"
      }
    },
    "terraform-mode": {
      "flake": false,
      "locked": {
        "lastModified": 1722504064,
        "narHash": "sha256-+h6wSsVKhhh3gDq6KwihRAQHl9rUynkZBPuF3gDqn2Y=",
        "owner": "hcl-emacs",
        "repo": "terraform-mode",
        "rev": "abfc10f5e313c4bb99de136a14636e9bc6df74f6",
        "type": "github"
      },
      "original": {
        "owner": "hcl-emacs",
        "repo": "terraform-mode",
        "type": "github"
      }
    },
    "treemacs": {
      "flake": false,
      "locked": {
        "lastModified": 1723730834,
        "narHash": "sha256-C4BrnV232sOrkjZuh3E6nSdKTi6gRUg/4Yb8g9TdZW8=",
        "owner": "Alexander-Miller",
        "repo": "treemacs",
        "rev": "2377d231bcb4ff6841cbf6a7c1e4b6747e26ddd0",
        "type": "github"
      },
      "original": {
        "owner": "Alexander-Miller",
        "repo": "treemacs",
        "type": "github"
      }
    },
    "treemacs-all-the-icons": {
      "flake": false,
      "locked": {
        "lastModified": 1723730834,
        "narHash": "sha256-C4BrnV232sOrkjZuh3E6nSdKTi6gRUg/4Yb8g9TdZW8=",
        "owner": "Alexander-Miller",
        "repo": "treemacs",
        "rev": "2377d231bcb4ff6841cbf6a7c1e4b6747e26ddd0",
        "type": "github"
      },
      "original": {
        "owner": "Alexander-Miller",
        "repo": "treemacs",
        "type": "github"
      }
    },
    "treemacs-evil": {
      "flake": false,
      "locked": {
        "lastModified": 1723730834,
        "narHash": "sha256-C4BrnV232sOrkjZuh3E6nSdKTi6gRUg/4Yb8g9TdZW8=",
        "owner": "Alexander-Miller",
        "repo": "treemacs",
        "rev": "2377d231bcb4ff6841cbf6a7c1e4b6747e26ddd0",
        "type": "github"
      },
      "original": {
        "owner": "Alexander-Miller",
        "repo": "treemacs",
        "type": "github"
      }
    },
    "treemacs-magit": {
      "flake": false,
      "locked": {
        "lastModified": 1723730834,
        "narHash": "sha256-C4BrnV232sOrkjZuh3E6nSdKTi6gRUg/4Yb8g9TdZW8=",
        "owner": "Alexander-Miller",
        "repo": "treemacs",
        "rev": "2377d231bcb4ff6841cbf6a7c1e4b6747e26ddd0",
        "type": "github"
      },
      "original": {
        "owner": "Alexander-Miller",
        "repo": "treemacs",
        "type": "github"
      }
    },
    "treemacs-perspective": {
      "flake": false,
      "locked": {
        "lastModified": 1723730834,
        "narHash": "sha256-C4BrnV232sOrkjZuh3E6nSdKTi6gRUg/4Yb8g9TdZW8=",
        "owner": "Alexander-Miller",
        "repo": "treemacs",
        "rev": "2377d231bcb4ff6841cbf6a7c1e4b6747e26ddd0",
        "type": "github"
      },
      "original": {
        "owner": "Alexander-Miller",
        "repo": "treemacs",
        "type": "github"
      }
    },
    "treepy": {
      "flake": false,
      "locked": {
        "lastModified": 1727681311,
        "narHash": "sha256-FtvWt5usbaNYXHZZ73+EuhOu0+4QcO3msPPpscLSZHg=",
        "owner": "volrath",
        "repo": "treepy.el",
        "rev": "651e2634f01f346da9ec8a64613c51f54b444bc3",
        "type": "github"
      },
      "original": {
        "owner": "volrath",
        "repo": "treepy.el",
        "type": "github"
      }
    },
    "vertico": {
      "flake": false,
      "locked": {
        "lastModified": 1727342644,
        "narHash": "sha256-TjRfq/B8sbBADnmHwV4KisCNQGON92cSv+lYr3TY8G0=",
        "owner": "minad",
        "repo": "vertico",
        "rev": "7741da042ddf4102d2f87a8110028363f36bc9e8",
        "type": "github"
      },
      "original": {
        "owner": "minad",
        "repo": "vertico",
        "type": "github"
      }
    },
    "vterm": {
      "flake": false,
      "locked": {
        "lastModified": 1724549616,
        "narHash": "sha256-W/UGA3/ecu1fd7u5pYTlRqcULF3EgCVnWQGQYX93YOI=",
        "owner": "akermu",
        "repo": "emacs-libvterm",
        "rev": "988279316fc89e6d78947b48513f248597ba969a",
        "type": "github"
      },
      "original": {
        "owner": "akermu",
        "repo": "emacs-libvterm",
        "type": "github"
      }
    },
    "with-editor": {
      "flake": false,
      "locked": {
        "lastModified": 1725143435,
        "narHash": "sha256-+tDAxhliQJiKAZUVfX/bQbqjPEjB7p5jX7XoLf/5Bs0=",
        "owner": "magit",
        "repo": "with-editor",
        "rev": "77cb2403158cfea9d8bfb8adad81b84d1d6d7c6a",
        "type": "github"
      },
      "original": {
        "owner": "magit",
        "repo": "with-editor",
        "type": "github"
      }
    },
    "yaml": {
      "flake": false,
      "locked": {
        "lastModified": 1702306874,
        "narHash": "sha256-ATFZxceWWBqFaO9pz5OqT+ArGFrb37sdLytMGEOWCWM=",
        "owner": "zkry",
        "repo": "yaml.el",
        "rev": "70c4fcead97e9bd6594e418c922ae769818f4245",
        "type": "github"
      },
      "original": {
        "owner": "zkry",
        "repo": "yaml.el",
        "type": "github"
      }
    }
  },
  "root": "root",
  "version": 7
}
